
Microsoft Visual Studio Solution File, Format Version 12.00
# Visual Studio Version 17
VisualStudioVersion = 17.0.31903.59
MinimumVisualStudioVersion = 10.0.40219.1
Project("{FAE04EC0-301F-11D3-BF4B-00C04F79EFBC}") = "Day01", "Day01\Day01.csproj", "{7F6B7EB9-33AA-4F00-82B0-1B29D6E99A1E}"
EndProject
Project("{FAE04EC0-301F-11D3-BF4B-00C04F79EFBC}") = "Day02", "Day02\Day02.csproj", "{3032B506-4A25-4311-A9D6-17E8FA9AC80F}"
EndProject
Project("{FAE04EC0-301F-11D3-BF4B-00C04F79EFBC}") = "Day03", "day03\Day03.csproj", "{7E3E3F97-6614-453B-8F5A-5FE6DFA94D84}"
EndProject
Project("{FAE04EC0-301F-11D3-BF4B-00C04F79EFBC}") = "Day04", "Day04\Day04.csproj", "{51B731ED-998D-479D-86E9-CD435EA5A5BA}"
EndProject
Project("{FAE04EC0-301F-11D3-BF4B-00C04F79EFBC}") = "Day05", "Day05\Day05.csproj", "{CC61D83B-848D-4C4F-8D68-5BCAF9EADA26}"
EndProject
Project("{FAE04EC0-301F-11D3-BF4B-00C04F79EFBC}") = "Day06", "Day06\Day06.csproj", "{48F4AA0B-D519-4F49-BE8F-E73CE22AA50A}"
EndProject
Project("{FAE04EC0-301F-11D3-BF4B-00C04F79EFBC}") = "Day07", "Day07\Day07.csproj", "{9FA9187D-93AA-43C7-AC50-B64B4BFED973}"
EndProject
Project("{FAE04EC0-301F-11D3-BF4B-00C04F79EFBC}") = "Day08", "Day08\Day08.csproj", "{319AF3FA-F504-4464-A77F-478E0CAB478F}"
EndProject
Project("{FAE04EC0-301F-11D3-BF4B-00C04F79EFBC}") = "Day09", "Day09\Day09.csproj", "{69D1A9C5-465D-4525-BABC-AAB3BF85A806}"
EndProject
Project("{FAE04EC0-301F-11D3-BF4B-00C04F79EFBC}") = "Day10", "Day10\Day10.csproj", "{A9CE8DB4-64C8-489E-ABBF-BE1AFE015F4A}"
EndProject
Project("{FAE04EC0-301F-11D3-BF4B-00C04F79EFBC}") = "Day11", "Day11\Day11.csproj", "{27B725B1-7972-4C3B-8C00-9CEC36744F5E}"
EndProject
Project("{FAE04EC0-301F-11D3-BF4B-00C04F79EFBC}") = "Day12", "Day12\Day12.csproj", "{9DF66F7F-8ACD-4C8D-8734-F842E22A289B}"
EndProject
Global
	GlobalSection(SolutionConfigurationPlatforms) = preSolution
		Debug|Any CPU = Debug|Any CPU
		Debug|x64 = Debug|x64
		Debug|x86 = Debug|x86
		Release|Any CPU = Release|Any CPU
		Release|x64 = Release|x64
		Release|x86 = Release|x86
	EndGlobalSection
	GlobalSection(ProjectConfigurationPlatforms) = postSolution
		{7F6B7EB9-33AA-4F00-82B0-1B29D6E99A1E}.Debug|Any CPU.ActiveCfg = Debug|Any CPU
		{7F6B7EB9-33AA-4F00-82B0-1B29D6E99A1E}.Debug|Any CPU.Build.0 = Debug|Any CPU
		{7F6B7EB9-33AA-4F00-82B0-1B29D6E99A1E}.Debug|x64.ActiveCfg = Debug|Any CPU
		{7F6B7EB9-33AA-4F00-82B0-1B29D6E99A1E}.Debug|x64.Build.0 = Debug|Any CPU
		{7F6B7EB9-33AA-4F00-82B0-1B29D6E99A1E}.Debug|x86.ActiveCfg = Debug|Any CPU
		{7F6B7EB9-33AA-4F00-82B0-1B29D6E99A1E}.Debug|x86.Build.0 = Debug|Any CPU
		{7F6B7EB9-33AA-4F00-82B0-1B29D6E99A1E}.Release|Any CPU.ActiveCfg = Release|Any CPU
		{7F6B7EB9-33AA-4F00-82B0-1B29D6E99A1E}.Release|Any CPU.Build.0 = Release|Any CPU
		{7F6B7EB9-33AA-4F00-82B0-1B29D6E99A1E}.Release|x64.ActiveCfg = Release|Any CPU
		{7F6B7EB9-33AA-4F00-82B0-1B29D6E99A1E}.Release|x64.Build.0 = Release|Any CPU
		{7F6B7EB9-33AA-4F00-82B0-1B29D6E99A1E}.Release|x86.ActiveCfg = Release|Any CPU
		{7F6B7EB9-33AA-4F00-82B0-1B29D6E99A1E}.Release|x86.Build.0 = Release|Any CPU
		{3032B506-4A25-4311-A9D6-17E8FA9AC80F}.Debug|Any CPU.ActiveCfg = Debug|Any CPU
		{3032B506-4A25-4311-A9D6-17E8FA9AC80F}.Debug|Any CPU.Build.0 = Debug|Any CPU
		{3032B506-4A25-4311-A9D6-17E8FA9AC80F}.Debug|x64.ActiveCfg = Debug|Any CPU
		{3032B506-4A25-4311-A9D6-17E8FA9AC80F}.Debug|x64.Build.0 = Debug|Any CPU
		{3032B506-4A25-4311-A9D6-17E8FA9AC80F}.Debug|x86.ActiveCfg = Debug|Any CPU
		{3032B506-4A25-4311-A9D6-17E8FA9AC80F}.Debug|x86.Build.0 = Debug|Any CPU
		{3032B506-4A25-4311-A9D6-17E8FA9AC80F}.Release|Any CPU.ActiveCfg = Release|Any CPU
		{3032B506-4A25-4311-A9D6-17E8FA9AC80F}.Release|Any CPU.Build.0 = Release|Any CPU
		{3032B506-4A25-4311-A9D6-17E8FA9AC80F}.Release|x64.ActiveCfg = Release|Any CPU
		{3032B506-4A25-4311-A9D6-17E8FA9AC80F}.Release|x64.Build.0 = Release|Any CPU
		{3032B506-4A25-4311-A9D6-17E8FA9AC80F}.Release|x86.ActiveCfg = Release|Any CPU
		{3032B506-4A25-4311-A9D6-17E8FA9AC80F}.Release|x86.Build.0 = Release|Any CPU
		{7E3E3F97-6614-453B-8F5A-5FE6DFA94D84}.Debug|Any CPU.ActiveCfg = Debug|Any CPU
		{7E3E3F97-6614-453B-8F5A-5FE6DFA94D84}.Debug|Any CPU.Build.0 = Debug|Any CPU
		{7E3E3F97-6614-453B-8F5A-5FE6DFA94D84}.Debug|x64.ActiveCfg = Debug|Any CPU
		{7E3E3F97-6614-453B-8F5A-5FE6DFA94D84}.Debug|x64.Build.0 = Debug|Any CPU
		{7E3E3F97-6614-453B-8F5A-5FE6DFA94D84}.Debug|x86.ActiveCfg = Debug|Any CPU
		{7E3E3F97-6614-453B-8F5A-5FE6DFA94D84}.Debug|x86.Build.0 = Debug|Any CPU
		{7E3E3F97-6614-453B-8F5A-5FE6DFA94D84}.Release|Any CPU.ActiveCfg = Release|Any CPU
		{7E3E3F97-6614-453B-8F5A-5FE6DFA94D84}.Release|Any CPU.Build.0 = Release|Any CPU
		{7E3E3F97-6614-453B-8F5A-5FE6DFA94D84}.Release|x64.ActiveCfg = Release|Any CPU
		{7E3E3F97-6614-453B-8F5A-5FE6DFA94D84}.Release|x64.Build.0 = Release|Any CPU
		{7E3E3F97-6614-453B-8F5A-5FE6DFA94D84}.Release|x86.ActiveCfg = Release|Any CPU
		{7E3E3F97-6614-453B-8F5A-5FE6DFA94D84}.Release|x86.Build.0 = Release|Any CPU
		{51B731ED-998D-479D-86E9-CD435EA5A5BA}.Debug|Any CPU.ActiveCfg = Debug|Any CPU
		{51B731ED-998D-479D-86E9-CD435EA5A5BA}.Debug|Any CPU.Build.0 = Debug|Any CPU
		{51B731ED-998D-479D-86E9-CD435EA5A5BA}.Debug|x64.ActiveCfg = Debug|Any CPU
		{51B731ED-998D-479D-86E9-CD435EA5A5BA}.Debug|x64.Build.0 = Debug|Any CPU
		{51B731ED-998D-479D-86E9-CD435EA5A5BA}.Debug|x86.ActiveCfg = Debug|Any CPU
		{51B731ED-998D-479D-86E9-CD435EA5A5BA}.Debug|x86.Build.0 = Debug|Any CPU
		{51B731ED-998D-479D-86E9-CD435EA5A5BA}.Release|Any CPU.ActiveCfg = Release|Any CPU
		{51B731ED-998D-479D-86E9-CD435EA5A5BA}.Release|Any CPU.Build.0 = Release|Any CPU
		{51B731ED-998D-479D-86E9-CD435EA5A5BA}.Release|x64.ActiveCfg = Release|Any CPU
		{51B731ED-998D-479D-86E9-CD435EA5A5BA}.Release|x64.Build.0 = Release|Any CPU
		{51B731ED-998D-479D-86E9-CD435EA5A5BA}.Release|x86.ActiveCfg = Release|Any CPU
		{51B731ED-998D-479D-86E9-CD435EA5A5BA}.Release|x86.Build.0 = Release|Any CPU
		{CC61D83B-848D-4C4F-8D68-5BCAF9EADA26}.Debug|Any CPU.ActiveCfg = Debug|Any CPU
		{CC61D83B-848D-4C4F-8D68-5BCAF9EADA26}.Debug|Any CPU.Build.0 = Debug|Any CPU
		{CC61D83B-848D-4C4F-8D68-5BCAF9EADA26}.Debug|x64.ActiveCfg = Debug|Any CPU
		{CC61D83B-848D-4C4F-8D68-5BCAF9EADA26}.Debug|x64.Build.0 = Debug|Any CPU
		{CC61D83B-848D-4C4F-8D68-5BCAF9EADA26}.Debug|x86.ActiveCfg = Debug|Any CPU
		{CC61D83B-848D-4C4F-8D68-5BCAF9EADA26}.Debug|x86.Build.0 = Debug|Any CPU
		{CC61D83B-848D-4C4F-8D68-5BCAF9EADA26}.Release|Any CPU.ActiveCfg = Release|Any CPU
		{CC61D83B-848D-4C4F-8D68-5BCAF9EADA26}.Release|Any CPU.Build.0 = Release|Any CPU
		{CC61D83B-848D-4C4F-8D68-5BCAF9EADA26}.Release|x64.ActiveCfg = Release|Any CPU
		{CC61D83B-848D-4C4F-8D68-5BCAF9EADA26}.Release|x64.Build.0 = Release|Any CPU
		{CC61D83B-848D-4C4F-8D68-5BCAF9EADA26}.Release|x86.ActiveCfg = Release|Any CPU
		{CC61D83B-848D-4C4F-8D68-5BCAF9EADA26}.Release|x86.Build.0 = Release|Any CPU
		{48F4AA0B-D519-4F49-BE8F-E73CE22AA50A}.Debug|Any CPU.ActiveCfg = Debug|Any CPU
		{48F4AA0B-D519-4F49-BE8F-E73CE22AA50A}.Debug|Any CPU.Build.0 = Debug|Any CPU
		{48F4AA0B-D519-4F49-BE8F-E73CE22AA50A}.Debug|x64.ActiveCfg = Debug|Any CPU
		{48F4AA0B-D519-4F49-BE8F-E73CE22AA50A}.Debug|x64.Build.0 = Debug|Any CPU
		{48F4AA0B-D519-4F49-BE8F-E73CE22AA50A}.Debug|x86.ActiveCfg = Debug|Any CPU
		{48F4AA0B-D519-4F49-BE8F-E73CE22AA50A}.Debug|x86.Build.0 = Debug|Any CPU
		{48F4AA0B-D519-4F49-BE8F-E73CE22AA50A}.Release|Any CPU.ActiveCfg = Release|Any CPU
		{48F4AA0B-D519-4F49-BE8F-E73CE22AA50A}.Release|Any CPU.Build.0 = Release|Any CPU
		{48F4AA0B-D519-4F49-BE8F-E73CE22AA50A}.Release|x64.ActiveCfg = Release|Any CPU
		{48F4AA0B-D519-4F49-BE8F-E73CE22AA50A}.Release|x64.Build.0 = Release|Any CPU
		{48F4AA0B-D519-4F49-BE8F-E73CE22AA50A}.Release|x86.ActiveCfg = Release|Any CPU
		{48F4AA0B-D519-4F49-BE8F-E73CE22AA50A}.Release|x86.Build.0 = Release|Any CPU
		{9FA9187D-93AA-43C7-AC50-B64B4BFED973}.Debug|Any CPU.ActiveCfg = Debug|Any CPU
		{9FA9187D-93AA-43C7-AC50-B64B4BFED973}.Debug|Any CPU.Build.0 = Debug|Any CPU
		{9FA9187D-93AA-43C7-AC50-B64B4BFED973}.Debug|x64.ActiveCfg = Debug|Any CPU
		{9FA9187D-93AA-43C7-AC50-B64B4BFED973}.Debug|x64.Build.0 = Debug|Any CPU
		{9FA9187D-93AA-43C7-AC50-B64B4BFED973}.Debug|x86.ActiveCfg = Debug|Any CPU
		{9FA9187D-93AA-43C7-AC50-B64B4BFED973}.Debug|x86.Build.0 = Debug|Any CPU
		{9FA9187D-93AA-43C7-AC50-B64B4BFED973}.Release|Any CPU.ActiveCfg = Release|Any CPU
		{9FA9187D-93AA-43C7-AC50-B64B4BFED973}.Release|Any CPU.Build.0 = Release|Any CPU
		{9FA9187D-93AA-43C7-AC50-B64B4BFED973}.Release|x64.ActiveCfg = Release|Any CPU
		{9FA9187D-93AA-43C7-AC50-B64B4BFED973}.Release|x64.Build.0 = Release|Any CPU
		{9FA9187D-93AA-43C7-AC50-B64B4BFED973}.Release|x86.ActiveCfg = Release|Any CPU
		{9FA9187D-93AA-43C7-AC50-B64B4BFED973}.Release|x86.Build.0 = Release|Any CPU
		{319AF3FA-F504-4464-A77F-478E0CAB478F}.Debug|Any CPU.ActiveCfg = Debug|Any CPU
		{319AF3FA-F504-4464-A77F-478E0CAB478F}.Debug|Any CPU.Build.0 = Debug|Any CPU
		{319AF3FA-F504-4464-A77F-478E0CAB478F}.Debug|x64.ActiveCfg = Debug|Any CPU
		{319AF3FA-F504-4464-A77F-478E0CAB478F}.Debug|x64.Build.0 = Debug|Any CPU
		{319AF3FA-F504-4464-A77F-478E0CAB478F}.Debug|x86.ActiveCfg = Debug|Any CPU
		{319AF3FA-F504-4464-A77F-478E0CAB478F}.Debug|x86.Build.0 = Debug|Any CPU
		{319AF3FA-F504-4464-A77F-478E0CAB478F}.Release|Any CPU.ActiveCfg = Release|Any CPU
		{319AF3FA-F504-4464-A77F-478E0CAB478F}.Release|Any CPU.Build.0 = Release|Any CPU
		{319AF3FA-F504-4464-A77F-478E0CAB478F}.Release|x64.ActiveCfg = Release|Any CPU
		{319AF3FA-F504-4464-A77F-478E0CAB478F}.Release|x64.Build.0 = Release|Any CPU
		{319AF3FA-F504-4464-A77F-478E0CAB478F}.Release|x86.ActiveCfg = Release|Any CPU
		{319AF3FA-F504-4464-A77F-478E0CAB478F}.Release|x86.Build.0 = Release|Any CPU
		{69D1A9C5-465D-4525-BABC-AAB3BF85A806}.Debug|Any CPU.ActiveCfg = Debug|Any CPU
		{69D1A9C5-465D-4525-BABC-AAB3BF85A806}.Debug|Any CPU.Build.0 = Debug|Any CPU
		{69D1A9C5-465D-4525-BABC-AAB3BF85A806}.Debug|x64.ActiveCfg = Debug|Any CPU
		{69D1A9C5-465D-4525-BABC-AAB3BF85A806}.Debug|x64.Build.0 = Debug|Any CPU
		{69D1A9C5-465D-4525-BABC-AAB3BF85A806}.Debug|x86.ActiveCfg = Debug|Any CPU
		{69D1A9C5-465D-4525-BABC-AAB3BF85A806}.Debug|x86.Build.0 = Debug|Any CPU
		{69D1A9C5-465D-4525-BABC-AAB3BF85A806}.Release|Any CPU.ActiveCfg = Release|Any CPU
		{69D1A9C5-465D-4525-BABC-AAB3BF85A806}.Release|Any CPU.Build.0 = Release|Any CPU
		{69D1A9C5-465D-4525-BABC-AAB3BF85A806}.Release|x64.ActiveCfg = Release|Any CPU
		{69D1A9C5-465D-4525-BABC-AAB3BF85A806}.Release|x64.Build.0 = Release|Any CPU
		{69D1A9C5-465D-4525-BABC-AAB3BF85A806}.Release|x86.ActiveCfg = Release|Any CPU
		{69D1A9C5-465D-4525-BABC-AAB3BF85A806}.Release|x86.Build.0 = Release|Any CPU
		{A9CE8DB4-64C8-489E-ABBF-BE1AFE015F4A}.Debug|Any CPU.ActiveCfg = Debug|Any CPU
		{A9CE8DB4-64C8-489E-ABBF-BE1AFE015F4A}.Debug|Any CPU.Build.0 = Debug|Any CPU
		{A9CE8DB4-64C8-489E-ABBF-BE1AFE015F4A}.Debug|x64.ActiveCfg = Debug|Any CPU
		{A9CE8DB4-64C8-489E-ABBF-BE1AFE015F4A}.Debug|x64.Build.0 = Debug|Any CPU
		{A9CE8DB4-64C8-489E-ABBF-BE1AFE015F4A}.Debug|x86.ActiveCfg = Debug|Any CPU
		{A9CE8DB4-64C8-489E-ABBF-BE1AFE015F4A}.Debug|x86.Build.0 = Debug|Any CPU
		{A9CE8DB4-64C8-489E-ABBF-BE1AFE015F4A}.Release|Any CPU.ActiveCfg = Release|Any CPU
		{A9CE8DB4-64C8-489E-ABBF-BE1AFE015F4A}.Release|Any CPU.Build.0 = Release|Any CPU
		{A9CE8DB4-64C8-489E-ABBF-BE1AFE015F4A}.Release|x64.ActiveCfg = Release|Any CPU
		{A9CE8DB4-64C8-489E-ABBF-BE1AFE015F4A}.Release|x64.Build.0 = Release|Any CPU
		{A9CE8DB4-64C8-489E-ABBF-BE1AFE015F4A}.Release|x86.ActiveCfg = Release|Any CPU
		{A9CE8DB4-64C8-489E-ABBF-BE1AFE015F4A}.Release|x86.Build.0 = Release|Any CPU
		{27B725B1-7972-4C3B-8C00-9CEC36744F5E}.Debug|Any CPU.ActiveCfg = Debug|Any CPU
		{27B725B1-7972-4C3B-8C00-9CEC36744F5E}.Debug|Any CPU.Build.0 = Debug|Any CPU
		{27B725B1-7972-4C3B-8C00-9CEC36744F5E}.Debug|x64.ActiveCfg = Debug|Any CPU
		{27B725B1-7972-4C3B-8C00-9CEC36744F5E}.Debug|x64.Build.0 = Debug|Any CPU
		{27B725B1-7972-4C3B-8C00-9CEC36744F5E}.Debug|x86.ActiveCfg = Debug|Any CPU
		{27B725B1-7972-4C3B-8C00-9CEC36744F5E}.Debug|x86.Build.0 = Debug|Any CPU
		{27B725B1-7972-4C3B-8C00-9CEC36744F5E}.Release|Any CPU.ActiveCfg = Release|Any CPU
		{27B725B1-7972-4C3B-8C00-9CEC36744F5E}.Release|Any CPU.Build.0 = Release|Any CPU
		{27B725B1-7972-4C3B-8C00-9CEC36744F5E}.Release|x64.ActiveCfg = Release|Any CPU
		{27B725B1-7972-4C3B-8C00-9CEC36744F5E}.Release|x64.Build.0 = Release|Any CPU
		{27B725B1-7972-4C3B-8C00-9CEC36744F5E}.Release|x86.ActiveCfg = Release|Any CPU
		{27B725B1-7972-4C3B-8C00-9CEC36744F5E}.Release|x86.Build.0 = Release|Any CPU
		{9DF66F7F-8ACD-4C8D-8734-F842E22A289B}.Debug|Any CPU.ActiveCfg = Debug|Any CPU
		{9DF66F7F-8ACD-4C8D-8734-F842E22A289B}.Debug|Any CPU.Build.0 = Debug|Any CPU
		{9DF66F7F-8ACD-4C8D-8734-F842E22A289B}.Debug|x64.ActiveCfg = Debug|Any CPU
		{9DF66F7F-8ACD-4C8D-8734-F842E22A289B}.Debug|x64.Build.0 = Debug|Any CPU
		{9DF66F7F-8ACD-4C8D-8734-F842E22A289B}.Debug|x86.ActiveCfg = Debug|Any CPU
		{9DF66F7F-8ACD-4C8D-8734-F842E22A289B}.Debug|x86.Build.0 = Debug|Any CPU
		{9DF66F7F-8ACD-4C8D-8734-F842E22A289B}.Release|Any CPU.ActiveCfg = Release|Any CPU
		{9DF66F7F-8ACD-4C8D-8734-F842E22A289B}.Release|Any CPU.Build.0 = Release|Any CPU
		{9DF66F7F-8ACD-4C8D-8734-F842E22A289B}.Release|x64.ActiveCfg = Release|Any CPU
		{9DF66F7F-8ACD-4C8D-8734-F842E22A289B}.Release|x64.Build.0 = Release|Any CPU
		{9DF66F7F-8ACD-4C8D-8734-F842E22A289B}.Release|x86.ActiveCfg = Release|Any CPU
		{9DF66F7F-8ACD-4C8D-8734-F842E22A289B}.Release|x86.Build.0 = Release|Any CPU
	EndGlobalSection
	GlobalSection(SolutionProperties) = preSolution
		HideSolutionNode = FALSE
	EndGlobalSection
EndGlobal
